<?xml version="1.0" encoding="utf-8"?>
<Project ToolsVersion="4.0" xmlns="http://schemas.microsoft.com/developer/msbuild/2003">
  <ItemGroup>
    <Filter Include="Source Files">
      <UniqueIdentifier>{4FC737F1-C7A5-4376-A066-2A32D752A2FF}</UniqueIdentifier>
      <Extensions>cpp;c;cc;cxx;c++;cppm;ixx;def;odl;idl;hpj;bat;asm;asmx</Extensions>
    </Filter>
    <Filter Include="Header Files">
      <UniqueIdentifier>{93995380-89BD-4b04-88EB-625FBE52EBFB}</UniqueIdentifier>
      <Extensions>h;hh;hpp;hxx;h++;hm;inl;inc;ipp;xsd</Extensions>
    </Filter>
    <Filter Include="Resource Files">
      <UniqueIdentifier>{67DA6AB6-F800-4c08-8B7A-83BB121AAD01}</UniqueIdentifier>
      <Extensions>rc;ico;cur;bmp;dlg;rc2;rct;bin;rgs;gif;jpg;jpeg;jpe;resx;tiff;tif;png;wav;mfcribbon-ms</Extensions>
    </Filter>
    <Filter Include="Header Files\States">
      <UniqueIdentifier>{4f2bd110-3d29-46e4-b92b-cab67cab358c}</UniqueIdentifier>
    </Filter>
    <Filter Include="Header Files\Entity">
      <UniqueIdentifier>{d024f661-5dfc-4bf2-8e38-e64562655799}</UniqueIdentifier>
    </Filter>
    <Filter Include="Header Files\Components">
      <UniqueIdentifier>{297fe7e3-b838-410c-b683-324fe88c6274}</UniqueIdentifier>
    </Filter>
    <Filter Include="Header Files\Input">
      <UniqueIdentifier>{0cb2455d-a2ef-4cdb-aec2-4ad41d0ffcb2}</UniqueIdentifier>
    </Filter>
    <Filter Include="Header Files\Building_blocks">
      <UniqueIdentifier>{a92885e8-eb94-4b7c-b415-30ca1610db11}</UniqueIdentifier>
    </Filter>
    <Filter Include="Source Files\Building_blocks">
      <UniqueIdentifier>{e19fb849-e553-412a-a436-aac9f6143337}</UniqueIdentifier>
    </Filter>
    <Filter Include="Source Files\Entity">
      <UniqueIdentifier>{a024eb38-f5b4-4a24-a86c-41fd95c712b7}</UniqueIdentifier>
    </Filter>
    <Filter Include="Source Files\States">
      <UniqueIdentifier>{8ad91c4c-3f49-442e-aaa4-2de0b403aade}</UniqueIdentifier>
    </Filter>
    <Filter Include="Source Files\Components">
      <UniqueIdentifier>{ad4bed9d-8ec8-41ee-ac55-64582284a37d}</UniqueIdentifier>
    </Filter>
    <Filter Include="Source Files\Input">
      <UniqueIdentifier>{07a2f49d-9427-49e9-a78b-b4e1dedf2fc1}</UniqueIdentifier>
    </Filter>
  </ItemGroup>
  <ItemGroup>
    <ClCompile Include="main.cpp">
      <Filter>Source Files</Filter>
    </ClCompile>
    <ClCompile Include="Game.cpp">
      <Filter>Source Files</Filter>
    </ClCompile>
    <ClCompile Include="Brick.cpp">
      <Filter>Source Files\Building_blocks</Filter>
    </ClCompile>
    <ClCompile Include="BrickMap.cpp">
      <Filter>Source Files\Building_blocks</Filter>
    </ClCompile>
    <ClCompile Include="Entity.cpp">
      <Filter>Source Files\Entity</Filter>
    </ClCompile>
    <ClCompile Include="Ball.cpp">
      <Filter>Source Files\Entity</Filter>
    </ClCompile>
    <ClCompile Include="Player.cpp">
      <Filter>Source Files\Entity</Filter>
    </ClCompile>
    <ClCompile Include="GameState.cpp">
      <Filter>Source Files\States</Filter>
    </ClCompile>
    <ClCompile Include="MainMenuState.cpp">
      <Filter>Source Files\States</Filter>
    </ClCompile>
    <ClCompile Include="SettingsState.cpp">
      <Filter>Source Files\States</Filter>
    </ClCompile>
    <ClCompile Include="PauseMenu.cpp">
      <Filter>Source Files\States</Filter>
    </ClCompile>
    <ClCompile Include="State.cpp">
      <Filter>Source Files\States</Filter>
    </ClCompile>
    <ClCompile Include="HitboxComponent.cpp">
      <Filter>Source Files\Components</Filter>
    </ClCompile>
    <ClCompile Include="MovementComponent.cpp">
      <Filter>Source Files\Components</Filter>
    </ClCompile>
    <ClCompile Include="GraphicsSettings.cpp">
      <Filter>Source Files\Input</Filter>
    </ClCompile>
    <ClCompile Include="Gui.cpp">
      <Filter>Source Files\Input</Filter>
    </ClCompile>
    <ClCompile Include="XML_Level.cpp">
      <Filter>Source Files\Input</Filter>
    </ClCompile>
    <ClCompile Include="ScoreSystem.cpp">
      <Filter>Source Files</Filter>
    </ClCompile>
    <ClCompile Include="CollisionSystem.cpp">
      <Filter>Source Files</Filter>
    </ClCompile>
    <ClCompile Include="WinLoseMenu.cpp">
      <Filter>Source Files</Filter>
    </ClCompile>
  </ItemGroup>
  <ItemGroup>
    <ClInclude Include="Game.h">
      <Filter>Header Files</Filter>
    </ClInclude>
    <ClInclude Include="resource.h">
      <Filter>Header Files</Filter>
    </ClInclude>
    <ClInclude Include="libs.h">
      <Filter>Header Files</Filter>
    </ClInclude>
    <ClInclude Include="GameState.h">
      <Filter>Header Files\States</Filter>
    </ClInclude>
    <ClInclude Include="MainMenuState.h">
      <Filter>Header Files\States</Filter>
    </ClInclude>
    <ClInclude Include="SettingsState.h">
      <Filter>Header Files\States</Filter>
    </ClInclude>
    <ClInclude Include="PauseMenu.h">
      <Filter>Header Files\States</Filter>
    </ClInclude>
    <ClInclude Include="Player.h">
      <Filter>Header Files\Entity</Filter>
    </ClInclude>
    <ClInclude Include="Ball.h">
      <Filter>Header Files\Entity</Filter>
    </ClInclude>
    <ClInclude Include="Entity.h">
      <Filter>Header Files\Entity</Filter>
    </ClInclude>
    <ClInclude Include="HitboxComponent.h">
      <Filter>Header Files\Components</Filter>
    </ClInclude>
    <ClInclude Include="MovementComponent.h">
      <Filter>Header Files\Components</Filter>
    </ClInclude>
    <ClInclude Include="State.h">
      <Filter>Header Files\States</Filter>
    </ClInclude>
    <ClInclude Include="GraphicsSettings.h">
      <Filter>Header Files\Input</Filter>
    </ClInclude>
    <ClInclude Include="Gui.h">
      <Filter>Header Files\Input</Filter>
    </ClInclude>
    <ClInclude Include="XML_Level.h">
      <Filter>Header Files\Input</Filter>
    </ClInclude>
    <ClInclude Include="Brick.h">
      <Filter>Header Files\Building_blocks</Filter>
    </ClInclude>
    <ClInclude Include="BrickMap.h">
      <Filter>Header Files\Building_blocks</Filter>
    </ClInclude>
    <ClInclude Include="ScoreSystem.h">
      <Filter>Header Files</Filter>
    </ClInclude>
    <ClInclude Include="CollisionSystem.h">
      <Filter>Header Files</Filter>
    </ClInclude>
    <ClInclude Include="WinLoseMenu.h">
      <Filter>Header Files</Filter>
    </ClInclude>
  </ItemGroup>
  <ItemGroup>
    <ResourceCompile Include="breakoutGame.rc">
      <Filter>Resource Files</Filter>
    </ResourceCompile>
  </ItemGroup>
  <ItemGroup>
    <None Include="ClassDiagram.cd" />
  </ItemGroup>
</Project>